
Microsoft Visual Studio Solution File, Format Version 12.00
# Visual Studio Version 17
VisualStudioVersion = 17.8.34309.116
MinimumVisualStudioVersion = 10.0.40219.1
Project("{FAE04EC0-301F-11D3-BF4B-00C04F79EFBC}") = "Domain", "Domain\Domain.csproj", "{087611A7-3A84-496E-8847-EE5072D7CE98}"
EndProject
Project("{FAE04EC0-301F-11D3-BF4B-00C04F79EFBC}") = "Application_Contracts", "Application_Contracts\Application_Contracts.csproj", "{677D98CC-7413-4C7F-96D7-9E9E99D0FE15}"
EndProject
Project("{FAE04EC0-301F-11D3-BF4B-00C04F79EFBC}") = "Application", "Application\Application.csproj", "{049DB1B8-936F-405B-8457-17527736D7DD}"
EndProject
Project("{FAE04EC0-301F-11D3-BF4B-00C04F79EFBC}") = "Infrastructure", "Infrastructure\Infrastructure.csproj", "{5F368F62-7245-4079-ACDD-737CE79CD4D0}"
EndProject
Project("{FAE04EC0-301F-11D3-BF4B-00C04F79EFBC}") = "EndPoint", "EndPoint\EndPoint.csproj", "{1FA5B6CC-87A2-4D50-B9E2-896272F05C76}"
EndProject
Project("{9A19103F-16F7-4668-BE54-9A1E7A4F7556}") = "0_FrameWork", "..\OnlineStore\0_FrameWork\0_FrameWork.csproj", "{C1B26F13-EF59-4947-89DC-3B351AD68AE1}"
EndProject
Global
	GlobalSection(SolutionConfigurationPlatforms) = preSolution
		Debug|Any CPU = Debug|Any CPU
		Release|Any CPU = Release|Any CPU
	EndGlobalSection
	GlobalSection(ProjectConfigurationPlatforms) = postSolution
		{087611A7-3A84-496E-8847-EE5072D7CE98}.Debug|Any CPU.ActiveCfg = Debug|Any CPU
		{087611A7-3A84-496E-8847-EE5072D7CE98}.Debug|Any CPU.Build.0 = Debug|Any CPU
		{087611A7-3A84-496E-8847-EE5072D7CE98}.Release|Any CPU.ActiveCfg = Release|Any CPU
		{087611A7-3A84-496E-8847-EE5072D7CE98}.Release|Any CPU.Build.0 = Release|Any CPU
		{677D98CC-7413-4C7F-96D7-9E9E99D0FE15}.Debug|Any CPU.ActiveCfg = Debug|Any CPU
		{677D98CC-7413-4C7F-96D7-9E9E99D0FE15}.Debug|Any CPU.Build.0 = Debug|Any CPU
		{677D98CC-7413-4C7F-96D7-9E9E99D0FE15}.Release|Any CPU.ActiveCfg = Release|Any CPU
		{677D98CC-7413-4C7F-96D7-9E9E99D0FE15}.Release|Any CPU.Build.0 = Release|Any CPU
		{049DB1B8-936F-405B-8457-17527736D7DD}.Debug|Any CPU.ActiveCfg = Debug|Any CPU
		{049DB1B8-936F-405B-8457-17527736D7DD}.Debug|Any CPU.Build.0 = Debug|Any CPU
		{049DB1B8-936F-405B-8457-17527736D7DD}.Release|Any CPU.ActiveCfg = Release|Any CPU
		{049DB1B8-936F-405B-8457-17527736D7DD}.Release|Any CPU.Build.0 = Release|Any CPU
		{5F368F62-7245-4079-ACDD-737CE79CD4D0}.Debug|Any CPU.ActiveCfg = Debug|Any CPU
		{5F368F62-7245-4079-ACDD-737CE79CD4D0}.Debug|Any CPU.Build.0 = Debug|Any CPU
		{5F368F62-7245-4079-ACDD-737CE79CD4D0}.Release|Any CPU.ActiveCfg = Release|Any CPU
		{5F368F62-7245-4079-ACDD-737CE79CD4D0}.Release|Any CPU.Build.0 = Release|Any CPU
		{1FA5B6CC-87A2-4D50-B9E2-896272F05C76}.Debug|Any CPU.ActiveCfg = Debug|Any CPU
		{1FA5B6CC-87A2-4D50-B9E2-896272F05C76}.Debug|Any CPU.Build.0 = Debug|Any CPU
		{1FA5B6CC-87A2-4D50-B9E2-896272F05C76}.Release|Any CPU.ActiveCfg = Release|Any CPU
		{1FA5B6CC-87A2-4D50-B9E2-896272F05C76}.Release|Any CPU.Build.0 = Release|Any CPU
		{C1B26F13-EF59-4947-89DC-3B351AD68AE1}.Debug|Any CPU.ActiveCfg = Debug|Any CPU
		{C1B26F13-EF59-4947-89DC-3B351AD68AE1}.Debug|Any CPU.Build.0 = Debug|Any CPU
		{C1B26F13-EF59-4947-89DC-3B351AD68AE1}.Release|Any CPU.ActiveCfg = Release|Any CPU
		{C1B26F13-EF59-4947-89DC-3B351AD68AE1}.Release|Any CPU.Build.0 = Release|Any CPU
	EndGlobalSection
	GlobalSection(SolutionProperties) = preSolution
		HideSolutionNode = FALSE
	EndGlobalSection
	GlobalSection(ExtensibilityGlobals) = postSolution
		SolutionGuid = {DC5A1B17-0F51-4E81-9F99-C2F39F1019BE}
	EndGlobalSection
EndGlobal
